
Microsoft Visual Studio Solution File, Format Version 12.00
# Visual Studio Version 17
VisualStudioVersion = 17.4.33213.308
MinimumVisualStudioVersion = 10.0.40219.1
Project("{FAE04EC0-301F-11D3-BF4B-00C04F79EFBC}") = "DersModelYapisi", "DersModelYapisi\DersModelYapisi.csproj", "{5A8041EC-F886-4DCE-9C56-36320DA72C84}"
EndProject
Global
	GlobalSection(SolutionConfigurationPlatforms) = preSolution
		Debug|Any CPU = Debug|Any CPU
		Release|Any CPU = Release|Any CPU
	EndGlobalSection
	GlobalSection(ProjectConfigurationPlatforms) = postSolution
		{5A8041EC-F886-4DCE-9C56-36320DA72C84}.Debug|Any CPU.ActiveCfg = Debug|Any CPU
		{5A8041EC-F886-4DCE-9C56-36320DA72C84}.Debug|Any CPU.Build.0 = Debug|Any CPU
		{5A8041EC-F886-4DCE-9C56-36320DA72C84}.Release|Any CPU.ActiveCfg = Release|Any CPU
		{5A8041EC-F886-4DCE-9C56-36320DA72C84}.Release|Any CPU.Build.0 = Release|Any CPU
	EndGlobalSection
	GlobalSection(SolutionProperties) = preSolution
		HideSolutionNode = FALSE
	EndGlobalSection
	GlobalSection(ExtensibilityGlobals) = postSolution
		SolutionGuid = {9BB27A2E-2F41-4C12-97AD-8B7437CBA4D7}
	EndGlobalSection
EndGlobal
